
Microsoft Visual Studio Solution File, Format Version 12.00
# Visual Studio Version 17
VisualStudioVersion = 17.14.36511.14
MinimumVisualStudioVersion = 10.0.40219.1
Project("{FAE04EC0-301F-11D3-BF4B-00C04F79EFBC}") = "Studiobook_backend", "Studiobook_backend\Studiobook_backend.csproj", "{ACED3F4C-F4A8-43F1-B872-40A06CD9243A}"
EndProject
Project("{FAE04EC0-301F-11D3-BF4B-00C04F79EFBC}") = "Studiobook_backend.Tests", "Studiobook_backend.Tests\Studiobook_backend.Tests.csproj", "{AF816143-D646-4320-9B55-6C3A372EC770}"
EndProject
Global
	GlobalSection(SolutionConfigurationPlatforms) = preSolution
		Debug|Any CPU = Debug|Any CPU
		Release|Any CPU = Release|Any CPU
	EndGlobalSection
	GlobalSection(ProjectConfigurationPlatforms) = postSolution
		{ACED3F4C-F4A8-43F1-B872-40A06CD9243A}.Debug|Any CPU.ActiveCfg = Debug|Any CPU
		{ACED3F4C-F4A8-43F1-B872-40A06CD9243A}.Debug|Any CPU.Build.0 = Debug|Any CPU
		{ACED3F4C-F4A8-43F1-B872-40A06CD9243A}.Release|Any CPU.ActiveCfg = Release|Any CPU
		{ACED3F4C-F4A8-43F1-B872-40A06CD9243A}.Release|Any CPU.Build.0 = Release|Any CPU
		{AF816143-D646-4320-9B55-6C3A372EC770}.Debug|Any CPU.ActiveCfg = Debug|Any CPU
		{AF816143-D646-4320-9B55-6C3A372EC770}.Debug|Any CPU.Build.0 = Debug|Any CPU
		{AF816143-D646-4320-9B55-6C3A372EC770}.Release|Any CPU.ActiveCfg = Release|Any CPU
		{AF816143-D646-4320-9B55-6C3A372EC770}.Release|Any CPU.Build.0 = Release|Any CPU
	EndGlobalSection
	GlobalSection(SolutionProperties) = preSolution
		HideSolutionNode = FALSE
	EndGlobalSection
	GlobalSection(ExtensibilityGlobals) = postSolution
		SolutionGuid = {FD28FE62-14EB-42B4-A8C7-0A97F5407FE8}
	EndGlobalSection
EndGlobal
