Microsoft Visual Studio Solution File, Format Version 12.00
# Visual Studio Version 17
VisualStudioVersion = 17.5.2.0
MinimumVisualStudioVersion = 10.0.40219.1
Project("{FAE04EC0-301F-11D3-BF4B-00C04F79EFBC}") = "Studiobook_backend", "Studiobook_backend.csproj", "{BD12B8D7-2976-2E49-464E-BDED592D3621}"
EndProject
Global
	GlobalSection(SolutionConfigurationPlatforms) = preSolution
		Debug|Any CPU = Debug|Any CPU
		Release|Any CPU = Release|Any CPU
	EndGlobalSection
	GlobalSection(ProjectConfigurationPlatforms) = postSolution
		{BD12B8D7-2976-2E49-464E-BDED592D3621}.Debug|Any CPU.ActiveCfg = Debug|Any CPU
		{BD12B8D7-2976-2E49-464E-BDED592D3621}.Debug|Any CPU.Build.0 = Debug|Any CPU
		{BD12B8D7-2976-2E49-464E-BDED592D3621}.Release|Any CPU.ActiveCfg = Release|Any CPU
		{BD12B8D7-2976-2E49-464E-BDED592D3621}.Release|Any CPU.Build.0 = Release|Any CPU
	EndGlobalSection
	GlobalSection(SolutionProperties) = preSolution
		HideSolutionNode = FALSE
	EndGlobalSection
	GlobalSection(ExtensibilityGlobals) = postSolution
		SolutionGuid = {1606775F-2FD3-4DA2-8ED2-7504C330573F}
	EndGlobalSection
EndGlobal
